{
  "name": "bootcamp-auth-node-mysql-docker",
  "version": "1.0.0",
  "lockfileVersion": 1,
  "requires": true,
  "dependencies": {
    "jose": {
      "version": "4.13.1",
      "resolved": "https://registry.npmjs.org/jose/-/jose-4.13.1.tgz",
      "integrity": "sha512-MSJQC5vXco5Br38mzaQKiq9mwt7lwj2eXpgpRyQYNHYt2lq1PjkWa7DLXX0WVcQLE9HhMh3jPiufS7fhJf+CLQ=="
    }
  }
}
